// !$*UTF8*$!
{
	archiveVersion = 1;
	classes = {
	};
	objectVersion = 55;
	objects = {

/* Begin PBXBuildFile section */
		4E8E487F2874269300B786A0 /* UI+.swift in Sources */ = {isa = PBXBuildFile; fileRef = 4E8E487E2874269300B786A0 /* UI+.swift */; };
		4E8E4881287427BC00B786A0 /* TableViewCell.swift in Sources */ = {isa = PBXBuildFile; fileRef = 4E8E4880287427BC00B786A0 /* TableViewCell.swift */; };
		4ED12D052871D000008AFEFB /* AppDelegate.swift in Sources */ = {isa = PBXBuildFile; fileRef = 4ED12D042871D000008AFEFB /* AppDelegate.swift */; };
		4ED12D0E2871D003008AFEFB /* Assets.xcassets in Resources */ = {isa = PBXBuildFile; fileRef = 4ED12D0D2871D003008AFEFB /* Assets.xcassets */; };
		4ED12D112871D003008AFEFB /* LaunchScreen.storyboard in Resources */ = {isa = PBXBuildFile; fileRef = 4ED12D0F2871D003008AFEFB /* LaunchScreen.storyboard */; };
		4ED12D1C2871D004008AFEFB /* bankApp_MVVMTests.swift in Sources */ = {isa = PBXBuildFile; fileRef = 4ED12D1B2871D004008AFEFB /* bankApp_MVVMTests.swift */; };
		4ED12D262871D004008AFEFB /* bankApp_MVVMUITests.swift in Sources */ = {isa = PBXBuildFile; fileRef = 4ED12D252871D004008AFEFB /* bankApp_MVVMUITests.swift */; };
		4ED12D282871D004008AFEFB /* bankApp_MVVMUITestsLaunchTests.swift in Sources */ = {isa = PBXBuildFile; fileRef = 4ED12D272871D004008AFEFB /* bankApp_MVVMUITestsLaunchTests.swift */; };
		4ED12D3C2871D428008AFEFB /* Cancelable.swift in Sources */ = {isa = PBXBuildFile; fileRef = 4ED12D3B2871D428008AFEFB /* Cancelable.swift */; };
		4ED12D3E2871D446008AFEFB /* ConnectionError.swift in Sources */ = {isa = PBXBuildFile; fileRef = 4ED12D3D2871D446008AFEFB /* ConnectionError.swift */; };
		4ED12D4C2871D611008AFEFB /* BanksListViewController.swift in Sources */ = {isa = PBXBuildFile; fileRef = 4ED12D4B2871D611008AFEFB /* BanksListViewController.swift */; };
		4ED12D4E2871D629008AFEFB /* BanksListItemViewModel.swift in Sources */ = {isa = PBXBuildFile; fileRef = 4ED12D4D2871D629008AFEFB /* BanksListItemViewModel.swift */; };
		4ED12D502871D635008AFEFB /* BanksListViewModel.swift in Sources */ = {isa = PBXBuildFile; fileRef = 4ED12D4F2871D635008AFEFB /* BanksListViewModel.swift */; };
		4ED12D522871D665008AFEFB /* BankDetailsViewController.storyboard in Resources */ = {isa = PBXBuildFile; fileRef = 4ED12D512871D665008AFEFB /* BankDetailsViewController.storyboard */; };
		4ED12D542871D679008AFEFB /* BankDetailsViewController.swift in Sources */ = {isa = PBXBuildFile; fileRef = 4ED12D532871D679008AFEFB /* BankDetailsViewController.swift */; };
		4ED12D562871D68F008AFEFB /* BankDetailsViewModel.swift in Sources */ = {isa = PBXBuildFile; fileRef = 4ED12D552871D68F008AFEFB /* BankDetailsViewModel.swift */; };
		4ED12D5B2871D7F9008AFEFB /* Bank.swift in Sources */ = {isa = PBXBuildFile; fileRef = 4ED12D5A2871D7F9008AFEFB /* Bank.swift */; };
		4ED12D5E2871D8D4008AFEFB /* BanksRepository.swift in Sources */ = {isa = PBXBuildFile; fileRef = 4ED12D5D2871D8D4008AFEFB /* BanksRepository.swift */; };
		4ED12D622871DC61008AFEFB /* FetchBanksUseCase.swift in Sources */ = {isa = PBXBuildFile; fileRef = 4ED12D612871DC61008AFEFB /* FetchBanksUseCase.swift */; };
		4ED12D7C2871E3FD008AFEFB /* AppConfiguration.swift in Sources */ = {isa = PBXBuildFile; fileRef = 4ED12D7B2871E3FD008AFEFB /* AppConfiguration.swift */; };
		4ED12D7E2871E437008AFEFB /* AppFlowCoordinator.swift in Sources */ = {isa = PBXBuildFile; fileRef = 4ED12D7D2871E437008AFEFB /* AppFlowCoordinator.swift */; };
		4ED12D812871E4DD008AFEFB /* AppDIContainer.swift in Sources */ = {isa = PBXBuildFile; fileRef = 4ED12D802871E4DD008AFEFB /* AppDIContainer.swift */; };
		4ED12D832871E5B3008AFEFB /* BanksSceneDIContainer.swift in Sources */ = {isa = PBXBuildFile; fileRef = 4ED12D822871E5B3008AFEFB /* BanksSceneDIContainer.swift */; };
		4ED12D852871E818008AFEFB /* DataTransferService.swift in Sources */ = {isa = PBXBuildFile; fileRef = 4ED12D842871E818008AFEFB /* DataTransferService.swift */; };
		4ED12D872871E834008AFEFB /* Endpoint.swift in Sources */ = {isa = PBXBuildFile; fileRef = 4ED12D862871E834008AFEFB /* Endpoint.swift */; };
		4ED12D892871E858008AFEFB /* NetworkConfig.swift in Sources */ = {isa = PBXBuildFile; fileRef = 4ED12D882871E858008AFEFB /* NetworkConfig.swift */; };
		4ED12D8B2871E871008AFEFB /* NetworkService.swift in Sources */ = {isa = PBXBuildFile; fileRef = 4ED12D8A2871E871008AFEFB /* NetworkService.swift */; };
		4ED12D8F2871EB72008AFEFB /* DefaultBanksRepository.swift in Sources */ = {isa = PBXBuildFile; fileRef = 4ED12D8E2871EB72008AFEFB /* DefaultBanksRepository.swift */; };
		4ED12D932871EC83008AFEFB /* APIEndpoints.swift in Sources */ = {isa = PBXBuildFile; fileRef = 4ED12D922871EC83008AFEFB /* APIEndpoints.swift */; };
		4ED12D952871ED83008AFEFB /* RepositoryTask.swift in Sources */ = {isa = PBXBuildFile; fileRef = 4ED12D942871ED83008AFEFB /* RepositoryTask.swift */; };
		4ED12D972872F26B008AFEFB /* BanksFlowCoordinator.swift in Sources */ = {isa = PBXBuildFile; fileRef = 4ED12D962872F26B008AFEFB /* BanksFlowCoordinator.swift */; };
		4ED12D9B2872FAA3008AFEFB /* Observer.swift in Sources */ = {isa = PBXBuildFile; fileRef = 4ED12D9A2872FAA3008AFEFB /* Observer.swift */; };
		4ED12D9F28732024008AFEFB /* StoryboardInstantiable.swift in Sources */ = {isa = PBXBuildFile; fileRef = 4ED12D9E28732024008AFEFB /* StoryboardInstantiable.swift */; };
		4ED12DA128733E34008AFEFB /* BanksListViewController.storyboard in Resources */ = {isa = PBXBuildFile; fileRef = 4ED12DA028733E34008AFEFB /* BanksListViewController.storyboard */; };
/* End PBXBuildFile section */

/* Begin PBXContainerItemProxy section */
		4ED12D182871D004008AFEFB /* PBXContainerItemProxy */ = {
			isa = PBXContainerItemProxy;
			containerPortal = 4ED12CF92871D000008AFEFB /* Project object */;
			proxyType = 1;
			remoteGlobalIDString = 4ED12D002871D000008AFEFB;
			remoteInfo = "bankApp-MVVM";
		};
		4ED12D222871D004008AFEFB /* PBXContainerItemProxy */ = {
			isa = PBXContainerItemProxy;
			containerPortal = 4ED12CF92871D000008AFEFB /* Project object */;
			proxyType = 1;
			remoteGlobalIDString = 4ED12D002871D000008AFEFB;
			remoteInfo = "bankApp-MVVM";
		};
/* End PBXContainerItemProxy section */

/* Begin PBXCopyFilesBuildPhase section */
		4ED12D742871E2D3008AFEFB /* Embed Frameworks */ = {
			isa = PBXCopyFilesBuildPhase;
			buildActionMask = 2147483647;
			dstPath = "";
			dstSubfolderSpec = 10;
			files = (
			);
			name = "Embed Frameworks";
			runOnlyForDeploymentPostprocessing = 0;
		};
/* End PBXCopyFilesBuildPhase section */

/* Begin PBXFileReference section */
		4E8E487E2874269300B786A0 /* UI+.swift */ = {isa = PBXFileReference; lastKnownFileType = sourcecode.swift; path = "UI+.swift"; sourceTree = "<group>"; };
		4E8E4880287427BC00B786A0 /* TableViewCell.swift */ = {isa = PBXFileReference; lastKnownFileType = sourcecode.swift; path = TableViewCell.swift; sourceTree = "<group>"; };
		4ED12D012871D000008AFEFB /* bankApp-MVVM.app */ = {isa = PBXFileReference; explicitFileType = wrapper.application; includeInIndex = 0; path = "bankApp-MVVM.app"; sourceTree = BUILT_PRODUCTS_DIR; };
		4ED12D042871D000008AFEFB /* AppDelegate.swift */ = {isa = PBXFileReference; lastKnownFileType = sourcecode.swift; path = AppDelegate.swift; sourceTree = "<group>"; };
		4ED12D0D2871D003008AFEFB /* Assets.xcassets */ = {isa = PBXFileReference; lastKnownFileType = folder.assetcatalog; path = Assets.xcassets; sourceTree = "<group>"; };
		4ED12D102871D003008AFEFB /* Base */ = {isa = PBXFileReference; lastKnownFileType = file.storyboard; name = Base; path = Base.lproj/LaunchScreen.storyboard; sourceTree = "<group>"; };
		4ED12D122871D003008AFEFB /* Info.plist */ = {isa = PBXFileReference; lastKnownFileType = text.plist.xml; path = Info.plist; sourceTree = "<group>"; };
		4ED12D172871D004008AFEFB /* bankApp-MVVMTests.xctest */ = {isa = PBXFileReference; explicitFileType = wrapper.cfbundle; includeInIndex = 0; path = "bankApp-MVVMTests.xctest"; sourceTree = BUILT_PRODUCTS_DIR; };
		4ED12D1B2871D004008AFEFB /* bankApp_MVVMTests.swift */ = {isa = PBXFileReference; lastKnownFileType = sourcecode.swift; path = bankApp_MVVMTests.swift; sourceTree = "<group>"; };
		4ED12D212871D004008AFEFB /* bankApp-MVVMUITests.xctest */ = {isa = PBXFileReference; explicitFileType = wrapper.cfbundle; includeInIndex = 0; path = "bankApp-MVVMUITests.xctest"; sourceTree = BUILT_PRODUCTS_DIR; };
		4ED12D252871D004008AFEFB /* bankApp_MVVMUITests.swift */ = {isa = PBXFileReference; lastKnownFileType = sourcecode.swift; path = bankApp_MVVMUITests.swift; sourceTree = "<group>"; };
		4ED12D272871D004008AFEFB /* bankApp_MVVMUITestsLaunchTests.swift */ = {isa = PBXFileReference; lastKnownFileType = sourcecode.swift; path = bankApp_MVVMUITestsLaunchTests.swift; sourceTree = "<group>"; };
		4ED12D3B2871D428008AFEFB /* Cancelable.swift */ = {isa = PBXFileReference; lastKnownFileType = sourcecode.swift; path = Cancelable.swift; sourceTree = "<group>"; };
		4ED12D3D2871D446008AFEFB /* ConnectionError.swift */ = {isa = PBXFileReference; lastKnownFileType = sourcecode.swift; path = ConnectionError.swift; sourceTree = "<group>"; };
		4ED12D4B2871D611008AFEFB /* BanksListViewController.swift */ = {isa = PBXFileReference; lastKnownFileType = sourcecode.swift; path = BanksListViewController.swift; sourceTree = "<group>"; };
		4ED12D4D2871D629008AFEFB /* BanksListItemViewModel.swift */ = {isa = PBXFileReference; lastKnownFileType = sourcecode.swift; path = BanksListItemViewModel.swift; sourceTree = "<group>"; };
		4ED12D4F2871D635008AFEFB /* BanksListViewModel.swift */ = {isa = PBXFileReference; lastKnownFileType = sourcecode.swift; path = BanksListViewModel.swift; sourceTree = "<group>"; };
		4ED12D512871D665008AFEFB /* BankDetailsViewController.storyboard */ = {isa = PBXFileReference; lastKnownFileType = file.storyboard; path = BankDetailsViewController.storyboard; sourceTree = "<group>"; };
		4ED12D532871D679008AFEFB /* BankDetailsViewController.swift */ = {isa = PBXFileReference; lastKnownFileType = sourcecode.swift; path = BankDetailsViewController.swift; sourceTree = "<group>"; };
		4ED12D552871D68F008AFEFB /* BankDetailsViewModel.swift */ = {isa = PBXFileReference; lastKnownFileType = sourcecode.swift; path = BankDetailsViewModel.swift; sourceTree = "<group>"; };
		4ED12D5A2871D7F9008AFEFB /* Bank.swift */ = {isa = PBXFileReference; lastKnownFileType = sourcecode.swift; path = Bank.swift; sourceTree = "<group>"; };
		4ED12D5D2871D8D4008AFEFB /* BanksRepository.swift */ = {isa = PBXFileReference; lastKnownFileType = sourcecode.swift; path = BanksRepository.swift; sourceTree = "<group>"; };
		4ED12D612871DC61008AFEFB /* FetchBanksUseCase.swift */ = {isa = PBXFileReference; lastKnownFileType = sourcecode.swift; path = FetchBanksUseCase.swift; sourceTree = "<group>"; };
		4ED12D7B2871E3FD008AFEFB /* AppConfiguration.swift */ = {isa = PBXFileReference; lastKnownFileType = sourcecode.swift; path = AppConfiguration.swift; sourceTree = "<group>"; };
		4ED12D7D2871E437008AFEFB /* AppFlowCoordinator.swift */ = {isa = PBXFileReference; lastKnownFileType = sourcecode.swift; path = AppFlowCoordinator.swift; sourceTree = "<group>"; };
		4ED12D802871E4DD008AFEFB /* AppDIContainer.swift */ = {isa = PBXFileReference; lastKnownFileType = sourcecode.swift; path = AppDIContainer.swift; sourceTree = "<group>"; };
		4ED12D822871E5B3008AFEFB /* BanksSceneDIContainer.swift */ = {isa = PBXFileReference; lastKnownFileType = sourcecode.swift; path = BanksSceneDIContainer.swift; sourceTree = "<group>"; };
		4ED12D842871E818008AFEFB /* DataTransferService.swift */ = {isa = PBXFileReference; lastKnownFileType = sourcecode.swift; path = DataTransferService.swift; sourceTree = "<group>"; };
		4ED12D862871E834008AFEFB /* Endpoint.swift */ = {isa = PBXFileReference; lastKnownFileType = sourcecode.swift; path = Endpoint.swift; sourceTree = "<group>"; };
		4ED12D882871E858008AFEFB /* NetworkConfig.swift */ = {isa = PBXFileReference; lastKnownFileType = sourcecode.swift; path = NetworkConfig.swift; sourceTree = "<group>"; };
		4ED12D8A2871E871008AFEFB /* NetworkService.swift */ = {isa = PBXFileReference; lastKnownFileType = sourcecode.swift; path = NetworkService.swift; sourceTree = "<group>"; };
		4ED12D8E2871EB72008AFEFB /* DefaultBanksRepository.swift */ = {isa = PBXFileReference; lastKnownFileType = sourcecode.swift; path = DefaultBanksRepository.swift; sourceTree = "<group>"; };
		4ED12D922871EC83008AFEFB /* APIEndpoints.swift */ = {isa = PBXFileReference; lastKnownFileType = sourcecode.swift; path = APIEndpoints.swift; sourceTree = "<group>"; };
		4ED12D942871ED83008AFEFB /* RepositoryTask.swift */ = {isa = PBXFileReference; lastKnownFileType = sourcecode.swift; path = RepositoryTask.swift; sourceTree = "<group>"; };
		4ED12D962872F26B008AFEFB /* BanksFlowCoordinator.swift */ = {isa = PBXFileReference; lastKnownFileType = sourcecode.swift; path = BanksFlowCoordinator.swift; sourceTree = "<group>"; };
		4ED12D9A2872FAA3008AFEFB /* Observer.swift */ = {isa = PBXFileReference; lastKnownFileType = sourcecode.swift; path = Observer.swift; sourceTree = "<group>"; };
		4ED12D9E28732024008AFEFB /* StoryboardInstantiable.swift */ = {isa = PBXFileReference; lastKnownFileType = sourcecode.swift; path = StoryboardInstantiable.swift; sourceTree = "<group>"; };
		4ED12DA028733E34008AFEFB /* BanksListViewController.storyboard */ = {isa = PBXFileReference; lastKnownFileType = file.storyboard; path = BanksListViewController.storyboard; sourceTree = "<group>"; };
/* End PBXFileReference section */

/* Begin PBXFrameworksBuildPhase section */
		4ED12CFE2871D000008AFEFB /* Frameworks */ = {
			isa = PBXFrameworksBuildPhase;
			buildActionMask = 2147483647;
			files = (
			);
			runOnlyForDeploymentPostprocessing = 0;
		};
		4ED12D142871D004008AFEFB /* Frameworks */ = {
			isa = PBXFrameworksBuildPhase;
			buildActionMask = 2147483647;
			files = (
			);
			runOnlyForDeploymentPostprocessing = 0;
		};
		4ED12D1E2871D004008AFEFB /* Frameworks */ = {
			isa = PBXFrameworksBuildPhase;
			buildActionMask = 2147483647;
			files = (
			);
			runOnlyForDeploymentPostprocessing = 0;
		};
/* End PBXFrameworksBuildPhase section */

/* Begin PBXGroup section */
		4ED12CF82871D000008AFEFB = {
			isa = PBXGroup;
			children = (
				4ED12D032871D000008AFEFB /* bankApp-MVVM */,
				4ED12D1A2871D004008AFEFB /* bankApp-MVVMTests */,
				4ED12D242871D004008AFEFB /* bankApp-MVVMUITests */,
				4ED12D022871D000008AFEFB /* Products */,
				4ED12D752871E2E7008AFEFB /* Frameworks */,
			);
			sourceTree = "<group>";
		};
		4ED12D022871D000008AFEFB /* Products */ = {
			isa = PBXGroup;
			children = (
				4ED12D012871D000008AFEFB /* bankApp-MVVM.app */,
				4ED12D172871D004008AFEFB /* bankApp-MVVMTests.xctest */,
				4ED12D212871D004008AFEFB /* bankApp-MVVMUITests.xctest */,
			);
			name = Products;
			sourceTree = "<group>";
		};
		4ED12D032871D000008AFEFB /* bankApp-MVVM */ = {
			isa = PBXGroup;
			children = (
				4ED12D342871D1C0008AFEFB /* Application */,
				4ED12D592871D7E6008AFEFB /* Domain */,
				4ED12D8C2871EAEC008AFEFB /* Data */,
				4ED12D402871D4F5008AFEFB /* Presentation */,
				4ED12D3A2871D413008AFEFB /* Common */,
				4ED12D792871E39E008AFEFB /* Infrastructure */,
				4ED12D3F2871D4C6008AFEFB /* Resources */,
			);
			path = "bankApp-MVVM";
			sourceTree = "<group>";
		};
		4ED12D1A2871D004008AFEFB /* bankApp-MVVMTests */ = {
			isa = PBXGroup;
			children = (
				4ED12D1B2871D004008AFEFB /* bankApp_MVVMTests.swift */,
			);
			path = "bankApp-MVVMTests";
			sourceTree = "<group>";
		};
		4ED12D242871D004008AFEFB /* bankApp-MVVMUITests */ = {
			isa = PBXGroup;
			children = (
				4ED12D252871D004008AFEFB /* bankApp_MVVMUITests.swift */,
				4ED12D272871D004008AFEFB /* bankApp_MVVMUITestsLaunchTests.swift */,
			);
			path = "bankApp-MVVMUITests";
			sourceTree = "<group>";
		};
		4ED12D342871D1C0008AFEFB /* Application */ = {
			isa = PBXGroup;
			children = (
				4ED12D042871D000008AFEFB /* AppDelegate.swift */,
				4ED12D7B2871E3FD008AFEFB /* AppConfiguration.swift */,
				4ED12D7D2871E437008AFEFB /* AppFlowCoordinator.swift */,
				4ED12D7F2871E4BA008AFEFB /* DIContainer */,
			);
			path = Application;
			sourceTree = "<group>";
		};
		4ED12D3A2871D413008AFEFB /* Common */ = {
			isa = PBXGroup;
			children = (
				4ED12D3B2871D428008AFEFB /* Cancelable.swift */,
				4ED12D3D2871D446008AFEFB /* ConnectionError.swift */,
			);
			path = Common;
			sourceTree = "<group>";
		};
		4ED12D3F2871D4C6008AFEFB /* Resources */ = {
			isa = PBXGroup;
			children = (
				4ED12D0D2871D003008AFEFB /* Assets.xcassets */,
				4ED12D122871D003008AFEFB /* Info.plist */,
			);
			path = Resources;
			sourceTree = "<group>";
		};
		4ED12D402871D4F5008AFEFB /* Presentation */ = {
			isa = PBXGroup;
			children = (
				4ED12D0F2871D003008AFEFB /* LaunchScreen.storyboard */,
				4ED12D992872FA91008AFEFB /* Utils */,
				4ED12D422871D552008AFEFB /* BanksScene */,
			);
			path = Presentation;
			sourceTree = "<group>";
		};
		4ED12D422871D552008AFEFB /* BanksScene */ = {
			isa = PBXGroup;
			children = (
				4ED12D982872F272008AFEFB /* Flows */,
				4ED12D432871D567008AFEFB /* BanksList */,
				4ED12D442871D57D008AFEFB /* BankDetails */,
			);
			path = BanksScene;
			sourceTree = "<group>";
		};
		4ED12D432871D567008AFEFB /* BanksList */ = {
			isa = PBXGroup;
			children = (
				4ED12D482871D5B1008AFEFB /* ViewModel */,
				4ED12D472871D5AC008AFEFB /* View */,
			);
			path = BanksList;
			sourceTree = "<group>";
		};
		4ED12D442871D57D008AFEFB /* BankDetails */ = {
			isa = PBXGroup;
			children = (
				4ED12D462871D5A3008AFEFB /* ViewModel */,
				4ED12D452871D59E008AFEFB /* View */,
			);
			path = BankDetails;
			sourceTree = "<group>";
		};
		4ED12D452871D59E008AFEFB /* View */ = {
			isa = PBXGroup;
			children = (
				4ED12D512871D665008AFEFB /* BankDetailsViewController.storyboard */,
				4ED12D532871D679008AFEFB /* BankDetailsViewController.swift */,
			);
			path = View;
			sourceTree = "<group>";
		};
		4ED12D462871D5A3008AFEFB /* ViewModel */ = {
			isa = PBXGroup;
			children = (
				4ED12D552871D68F008AFEFB /* BankDetailsViewModel.swift */,
			);
			path = ViewModel;
			sourceTree = "<group>";
		};
		4ED12D472871D5AC008AFEFB /* View */ = {
			isa = PBXGroup;
			children = (
				4ED12D4B2871D611008AFEFB /* BanksListViewController.swift */,
				4ED12DA028733E34008AFEFB /* BanksListViewController.storyboard */,
				4E8E4880287427BC00B786A0 /* TableViewCell.swift */,
			);
			path = View;
			sourceTree = "<group>";
		};
		4ED12D482871D5B1008AFEFB /* ViewModel */ = {
			isa = PBXGroup;
			children = (
				4ED12D4D2871D629008AFEFB /* BanksListItemViewModel.swift */,
				4ED12D4F2871D635008AFEFB /* BanksListViewModel.swift */,
			);
			path = ViewModel;
			sourceTree = "<group>";
		};
		4ED12D572871D7C9008AFEFB /* Entities */ = {
			isa = PBXGroup;
			children = (
				4ED12D5A2871D7F9008AFEFB /* Bank.swift */,
			);
			path = Entities;
			sourceTree = "<group>";
		};
		4ED12D592871D7E6008AFEFB /* Domain */ = {
			isa = PBXGroup;
			children = (
				4ED12D602871DC45008AFEFB /* UseCases */,
				4ED12D5C2871D8BB008AFEFB /* Interfaces */,
				4ED12D572871D7C9008AFEFB /* Entities */,
			);
			path = Domain;
			sourceTree = "<group>";
		};
		4ED12D5C2871D8BB008AFEFB /* Interfaces */ = {
			isa = PBXGroup;
			children = (
				4ED12D5F2871D9C6008AFEFB /* Repositories */,
			);
			path = Interfaces;
			sourceTree = "<group>";
		};
		4ED12D5F2871D9C6008AFEFB /* Repositories */ = {
			isa = PBXGroup;
			children = (
				4ED12D5D2871D8D4008AFEFB /* BanksRepository.swift */,
			);
			path = Repositories;
			sourceTree = "<group>";
		};
		4ED12D602871DC45008AFEFB /* UseCases */ = {
			isa = PBXGroup;
			children = (
				4ED12D612871DC61008AFEFB /* FetchBanksUseCase.swift */,
			);
			path = UseCases;
			sourceTree = "<group>";
		};
		4ED12D752871E2E7008AFEFB /* Frameworks */ = {
			isa = PBXGroup;
			children = (
			);
			name = Frameworks;
			sourceTree = "<group>";
		};
		4ED12D792871E39E008AFEFB /* Infrastructure */ = {
			isa = PBXGroup;
			children = (
				4ED12D7A2871E3BC008AFEFB /* Network */,
			);
			path = Infrastructure;
			sourceTree = "<group>";
		};
		4ED12D7A2871E3BC008AFEFB /* Network */ = {
			isa = PBXGroup;
			children = (
				4ED12D842871E818008AFEFB /* DataTransferService.swift */,
				4ED12D862871E834008AFEFB /* Endpoint.swift */,
				4ED12D882871E858008AFEFB /* NetworkConfig.swift */,
				4ED12D8A2871E871008AFEFB /* NetworkService.swift */,
			);
			path = Network;
			sourceTree = "<group>";
		};
		4ED12D7F2871E4BA008AFEFB /* DIContainer */ = {
			isa = PBXGroup;
			children = (
				4ED12D802871E4DD008AFEFB /* AppDIContainer.swift */,
				4ED12D822871E5B3008AFEFB /* BanksSceneDIContainer.swift */,
			);
			path = DIContainer;
			sourceTree = "<group>";
		};
		4ED12D8C2871EAEC008AFEFB /* Data */ = {
			isa = PBXGroup;
			children = (
				4ED12D912871EC75008AFEFB /* Network */,
				4ED12D8D2871EB01008AFEFB /* Repositories */,
			);
			path = Data;
			sourceTree = "<group>";
		};
		4ED12D8D2871EB01008AFEFB /* Repositories */ = {
			isa = PBXGroup;
			children = (
				4ED12D8E2871EB72008AFEFB /* DefaultBanksRepository.swift */,
				4ED12D942871ED83008AFEFB /* RepositoryTask.swift */,
			);
			path = Repositories;
			sourceTree = "<group>";
		};
		4ED12D912871EC75008AFEFB /* Network */ = {
			isa = PBXGroup;
			children = (
				4ED12D922871EC83008AFEFB /* APIEndpoints.swift */,
			);
			path = Network;
			sourceTree = "<group>";
		};
		4ED12D982872F272008AFEFB /* Flows */ = {
			isa = PBXGroup;
			children = (
				4ED12D962872F26B008AFEFB /* BanksFlowCoordinator.swift */,
			);
			path = Flows;
			sourceTree = "<group>";
		};
		4ED12D992872FA91008AFEFB /* Utils */ = {
			isa = PBXGroup;
			children = (
				4ED12D9A2872FAA3008AFEFB /* Observer.swift */,
				4ED12D9E28732024008AFEFB /* StoryboardInstantiable.swift */,
				4E8E487E2874269300B786A0 /* UI+.swift */,
			);
			path = Utils;
			sourceTree = "<group>";
		};
/* End PBXGroup section */

/* Begin PBXNativeTarget section */
		4ED12D002871D000008AFEFB /* bankApp-MVVM */ = {
			isa = PBXNativeTarget;
			buildConfigurationList = 4ED12D2B2871D004008AFEFB /* Build configuration list for PBXNativeTarget "bankApp-MVVM" */;
			buildPhases = (
				4ED12CFD2871D000008AFEFB /* Sources */,
				4ED12CFE2871D000008AFEFB /* Frameworks */,
				4ED12CFF2871D000008AFEFB /* Resources */,
				4ED12D742871E2D3008AFEFB /* Embed Frameworks */,
			);
			buildRules = (
			);
			dependencies = (
			);
			name = "bankApp-MVVM";
			packageProductDependencies = (
			);
			productName = "bankApp-MVVM";
			productReference = 4ED12D012871D000008AFEFB /* bankApp-MVVM.app */;
			productType = "com.apple.product-type.application";
		};
		4ED12D162871D004008AFEFB /* bankApp-MVVMTests */ = {
			isa = PBXNativeTarget;
			buildConfigurationList = 4ED12D2E2871D004008AFEFB /* Build configuration list for PBXNativeTarget "bankApp-MVVMTests" */;
			buildPhases = (
				4ED12D132871D004008AFEFB /* Sources */,
				4ED12D142871D004008AFEFB /* Frameworks */,
				4ED12D152871D004008AFEFB /* Resources */,
			);
			buildRules = (
			);
			dependencies = (
				4ED12D192871D004008AFEFB /* PBXTargetDependency */,
			);
			name = "bankApp-MVVMTests";
			productName = "bankApp-MVVMTests";
			productReference = 4ED12D172871D004008AFEFB /* bankApp-MVVMTests.xctest */;
			productType = "com.apple.product-type.bundle.unit-test";
		};
		4ED12D202871D004008AFEFB /* bankApp-MVVMUITests */ = {
			isa = PBXNativeTarget;
			buildConfigurationList = 4ED12D312871D004008AFEFB /* Build configuration list for PBXNativeTarget "bankApp-MVVMUITests" */;
			buildPhases = (
				4ED12D1D2871D004008AFEFB /* Sources */,
				4ED12D1E2871D004008AFEFB /* Frameworks */,
				4ED12D1F2871D004008AFEFB /* Resources */,
			);
			buildRules = (
			);
			dependencies = (
				4ED12D232871D004008AFEFB /* PBXTargetDependency */,
			);
			name = "bankApp-MVVMUITests";
			productName = "bankApp-MVVMUITests";
			productReference = 4ED12D212871D004008AFEFB /* bankApp-MVVMUITests.xctest */;
			productType = "com.apple.product-type.bundle.ui-testing";
		};
/* End PBXNativeTarget section */

/* Begin PBXProject section */
		4ED12CF92871D000008AFEFB /* Project object */ = {
			isa = PBXProject;
			attributes = {
				BuildIndependentTargetsInParallel = 1;
				LastSwiftUpdateCheck = 1330;
				LastUpgradeCheck = 1330;
				TargetAttributes = {
					4ED12D002871D000008AFEFB = {
						CreatedOnToolsVersion = 13.3.1;
					};
					4ED12D162871D004008AFEFB = {
						CreatedOnToolsVersion = 13.3.1;
						TestTargetID = 4ED12D002871D000008AFEFB;
					};
					4ED12D202871D004008AFEFB = {
						CreatedOnToolsVersion = 13.3.1;
						TestTargetID = 4ED12D002871D000008AFEFB;
					};
				};
			};
			buildConfigurationList = 4ED12CFC2871D000008AFEFB /* Build configuration list for PBXProject "bankApp-MVVM" */;
			compatibilityVersion = "Xcode 13.0";
			developmentRegion = en;
			hasScannedForEncodings = 0;
			knownRegions = (
				en,
				Base,
			);
			mainGroup = 4ED12CF82871D000008AFEFB;
			packageReferences = (
			);
			productRefGroup = 4ED12D022871D000008AFEFB /* Products */;
			projectDirPath = "";
			projectRoot = "";
			targets = (
				4ED12D002871D000008AFEFB /* bankApp-MVVM */,
				4ED12D162871D004008AFEFB /* bankApp-MVVMTests */,
				4ED12D202871D004008AFEFB /* bankApp-MVVMUITests */,
			);
		};
/* End PBXProject section */

/* Begin PBXResourcesBuildPhase section */
		4ED12CFF2871D000008AFEFB /* Resources */ = {
			isa = PBXResourcesBuildPhase;
			buildActionMask = 2147483647;
			files = (
				4ED12D522871D665008AFEFB /* BankDetailsViewController.storyboard in Resources */,
				4ED12D112871D003008AFEFB /* LaunchScreen.storyboard in Resources */,
				4ED12D0E2871D003008AFEFB /* Assets.xcassets in Resources */,
				4ED12DA128733E34008AFEFB /* BanksListViewController.storyboard in Resources */,
			);
			runOnlyForDeploymentPostprocessing = 0;
		};
		4ED12D152871D004008AFEFB /* Resources */ = {
			isa = PBXResourcesBuildPhase;
			buildActionMask = 2147483647;
			files = (
			);
			runOnlyForDeploymentPostprocessing = 0;
		};
		4ED12D1F2871D004008AFEFB /* Resources */ = {
			isa = PBXResourcesBuildPhase;
			buildActionMask = 2147483647;
			files = (
			);
			runOnlyForDeploymentPostprocessing = 0;
		};
/* End PBXResourcesBuildPhase section */

/* Begin PBXSourcesBuildPhase section */
		4ED12CFD2871D000008AFEFB /* Sources */ = {
			isa = PBXSourcesBuildPhase;
			buildActionMask = 2147483647;
			files = (
				4ED12D622871DC61008AFEFB /* FetchBanksUseCase.swift in Sources */,
				4ED12D4C2871D611008AFEFB /* BanksListViewController.swift in Sources */,
				4ED12D812871E4DD008AFEFB /* AppDIContainer.swift in Sources */,
				4ED12D932871EC83008AFEFB /* APIEndpoints.swift in Sources */,
				4ED12D832871E5B3008AFEFB /* BanksSceneDIContainer.swift in Sources */,
				4ED12D4E2871D629008AFEFB /* BanksListItemViewModel.swift in Sources */,
				4ED12D7C2871E3FD008AFEFB /* AppConfiguration.swift in Sources */,
				4ED12D562871D68F008AFEFB /* BankDetailsViewModel.swift in Sources */,
				4ED12D5E2871D8D4008AFEFB /* BanksRepository.swift in Sources */,
				4ED12D3C2871D428008AFEFB /* Cancelable.swift in Sources */,
				4ED12D052871D000008AFEFB /* AppDelegate.swift in Sources */,
				4ED12D8B2871E871008AFEFB /* NetworkService.swift in Sources */,
				4E8E4881287427BC00B786A0 /* TableViewCell.swift in Sources */,
				4ED12D9F28732024008AFEFB /* StoryboardInstantiable.swift in Sources */,
				4ED12D872871E834008AFEFB /* Endpoint.swift in Sources */,
				4ED12D3E2871D446008AFEFB /* ConnectionError.swift in Sources */,
				4ED12D542871D679008AFEFB /* BankDetailsViewController.swift in Sources */,
				4ED12D892871E858008AFEFB /* NetworkConfig.swift in Sources */,
				4ED12D9B2872FAA3008AFEFB /* Observer.swift in Sources */,
				4ED12D972872F26B008AFEFB /* BanksFlowCoordinator.swift in Sources */,
				4ED12D7E2871E437008AFEFB /* AppFlowCoordinator.swift in Sources */,
				4ED12D5B2871D7F9008AFEFB /* Bank.swift in Sources */,
				4ED12D502871D635008AFEFB /* BanksListViewModel.swift in Sources */,
				4ED12D852871E818008AFEFB /* DataTransferService.swift in Sources */,
				4ED12D8F2871EB72008AFEFB /* DefaultBanksRepository.swift in Sources */,
				4ED12D952871ED83008AFEFB /* RepositoryTask.swift in Sources */,
				4E8E487F2874269300B786A0 /* UI+.swift in Sources */,
			);
			runOnlyForDeploymentPostprocessing = 0;
		};
		4ED12D132871D004008AFEFB /* Sources */ = {
			isa = PBXSourcesBuildPhase;
			buildActionMask = 2147483647;
			files = (
				4ED12D1C2871D004008AFEFB /* bankApp_MVVMTests.swift in Sources */,
			);
			runOnlyForDeploymentPostprocessing = 0;
		};
		4ED12D1D2871D004008AFEFB /* Sources */ = {
			isa = PBXSourcesBuildPhase;
			buildActionMask = 2147483647;
			files = (
				4ED12D282871D004008AFEFB /* bankApp_MVVMUITestsLaunchTests.swift in Sources */,
				4ED12D262871D004008AFEFB /* bankApp_MVVMUITests.swift in Sources */,
			);
			runOnlyForDeploymentPostprocessing = 0;
		};
/* End PBXSourcesBuildPhase section */

/* Begin PBXTargetDependency section */
		4ED12D192871D004008AFEFB /* PBXTargetDependency */ = {
			isa = PBXTargetDependency;
			target = 4ED12D002871D000008AFEFB /* bankApp-MVVM */;
			targetProxy = 4ED12D182871D004008AFEFB /* PBXContainerItemProxy */;
		};
		4ED12D232871D004008AFEFB /* PBXTargetDependency */ = {
			isa = PBXTargetDependency;
			target = 4ED12D002871D000008AFEFB /* bankApp-MVVM */;
			targetProxy = 4ED12D222871D004008AFEFB /* PBXContainerItemProxy */;
		};
/* End PBXTargetDependency section */

/* Begin PBXVariantGroup section */
		4ED12D0F2871D003008AFEFB /* LaunchScreen.storyboard */ = {
			isa = PBXVariantGroup;
			children = (
				4ED12D102871D003008AFEFB /* Base */,
			);
			name = LaunchScreen.storyboard;
			sourceTree = "<group>";
		};
/* End PBXVariantGroup section */

/* Begin XCBuildConfiguration section */
		4ED12D292871D004008AFEFB /* Debug */ = {
			isa = XCBuildConfiguration;
			buildSettings = {
				ALWAYS_SEARCH_USER_PATHS = NO;
				CLANG_ANALYZER_NONNULL = YES;
				CLANG_ANALYZER_NUMBER_OBJECT_CONVERSION = YES_AGGRESSIVE;
				CLANG_CXX_LANGUAGE_STANDARD = "gnu++17";
				CLANG_ENABLE_MODULES = YES;
				CLANG_ENABLE_OBJC_ARC = YES;
				CLANG_ENABLE_OBJC_WEAK = YES;
				CLANG_WARN_BLOCK_CAPTURE_AUTORELEASING = YES;
				CLANG_WARN_BOOL_CONVERSION = YES;
				CLANG_WARN_COMMA = YES;
				CLANG_WARN_CONSTANT_CONVERSION = YES;
				CLANG_WARN_DEPRECATED_OBJC_IMPLEMENTATIONS = YES;
				CLANG_WARN_DIRECT_OBJC_ISA_USAGE = YES_ERROR;
				CLANG_WARN_DOCUMENTATION_COMMENTS = YES;
				CLANG_WARN_EMPTY_BODY = YES;
				CLANG_WARN_ENUM_CONVERSION = YES;
				CLANG_WARN_INFINITE_RECURSION = YES;
				CLANG_WARN_INT_CONVERSION = YES;
				CLANG_WARN_NON_LITERAL_NULL_CONVERSION = YES;
				CLANG_WARN_OBJC_IMPLICIT_RETAIN_SELF = YES;
				CLANG_WARN_OBJC_LITERAL_CONVERSION = YES;
				CLANG_WARN_OBJC_ROOT_CLASS = YES_ERROR;
				CLANG_WARN_QUOTED_INCLUDE_IN_FRAMEWORK_HEADER = YES;
				CLANG_WARN_RANGE_LOOP_ANALYSIS = YES;
				CLANG_WARN_STRICT_PROTOTYPES = YES;
				CLANG_WARN_SUSPICIOUS_MOVE = YES;
				CLANG_WARN_UNGUARDED_AVAILABILITY = YES_AGGRESSIVE;
				CLANG_WARN_UNREACHABLE_CODE = YES;
				CLANG_WARN__DUPLICATE_METHOD_MATCH = YES;
				COPY_PHASE_STRIP = NO;
				DEBUG_INFORMATION_FORMAT = dwarf;
				ENABLE_STRICT_OBJC_MSGSEND = YES;
				ENABLE_TESTABILITY = YES;
				GCC_C_LANGUAGE_STANDARD = gnu11;
				GCC_DYNAMIC_NO_PIC = NO;
				GCC_NO_COMMON_BLOCKS = YES;
				GCC_OPTIMIZATION_LEVEL = 0;
				GCC_PREPROCESSOR_DEFINITIONS = (
					"DEBUG=1",
					"$(inherited)",
				);
				GCC_WARN_64_TO_32_BIT_CONVERSION = YES;
				GCC_WARN_ABOUT_RETURN_TYPE = YES_ERROR;
				GCC_WARN_UNDECLARED_SELECTOR = YES;
				GCC_WARN_UNINITIALIZED_AUTOS = YES_AGGRESSIVE;
				GCC_WARN_UNUSED_FUNCTION = YES;
				GCC_WARN_UNUSED_VARIABLE = YES;
				IPHONEOS_DEPLOYMENT_TARGET = 11.0;
				MTL_ENABLE_DEBUG_INFO = INCLUDE_SOURCE;
				MTL_FAST_MATH = YES;
				ONLY_ACTIVE_ARCH = YES;
				SDKROOT = iphoneos;
				SWIFT_ACTIVE_COMPILATION_CONDITIONS = DEBUG;
				SWIFT_OPTIMIZATION_LEVEL = "-Onone";
			};
			name = Debug;
		};
		4ED12D2A2871D004008AFEFB /* Release */ = {
			isa = XCBuildConfiguration;
			buildSettings = {
				ALWAYS_SEARCH_USER_PATHS = NO;
				CLANG_ANALYZER_NONNULL = YES;
				CLANG_ANALYZER_NUMBER_OBJECT_CONVERSION = YES_AGGRESSIVE;
				CLANG_CXX_LANGUAGE_STANDARD = "gnu++17";
				CLANG_ENABLE_MODULES = YES;
				CLANG_ENABLE_OBJC_ARC = YES;
				CLANG_ENABLE_OBJC_WEAK = YES;
				CLANG_WARN_BLOCK_CAPTURE_AUTORELEASING = YES;
				CLANG_WARN_BOOL_CONVERSION = YES;
				CLANG_WARN_COMMA = YES;
				CLANG_WARN_CONSTANT_CONVERSION = YES;
				CLANG_WARN_DEPRECATED_OBJC_IMPLEMENTATIONS = YES;
				CLANG_WARN_DIRECT_OBJC_ISA_USAGE = YES_ERROR;
				CLANG_WARN_DOCUMENTATION_COMMENTS = YES;
				CLANG_WARN_EMPTY_BODY = YES;
				CLANG_WARN_ENUM_CONVERSION = YES;
				CLANG_WARN_INFINITE_RECURSION = YES;
				CLANG_WARN_INT_CONVERSION = YES;
				CLANG_WARN_NON_LITERAL_NULL_CONVERSION = YES;
				CLANG_WARN_OBJC_IMPLICIT_RETAIN_SELF = YES;
				CLANG_WARN_OBJC_LITERAL_CONVERSION = YES;
				CLANG_WARN_OBJC_ROOT_CLASS = YES_ERROR;
				CLANG_WARN_QUOTED_INCLUDE_IN_FRAMEWORK_HEADER = YES;
				CLANG_WARN_RANGE_LOOP_ANALYSIS = YES;
				CLANG_WARN_STRICT_PROTOTYPES = YES;
				CLANG_WARN_SUSPICIOUS_MOVE = YES;
				CLANG_WARN_UNGUARDED_AVAILABILITY = YES_AGGRESSIVE;
				CLANG_WARN_UNREACHABLE_CODE = YES;
				CLANG_WARN__DUPLICATE_METHOD_MATCH = YES;
				COPY_PHASE_STRIP = NO;
				DEBUG_INFORMATION_FORMAT = "dwarf-with-dsym";
				ENABLE_NS_ASSERTIONS = NO;
				ENABLE_STRICT_OBJC_MSGSEND = YES;
				GCC_C_LANGUAGE_STANDARD = gnu11;
				GCC_NO_COMMON_BLOCKS = YES;
				GCC_WARN_64_TO_32_BIT_CONVERSION = YES;
				GCC_WARN_ABOUT_RETURN_TYPE = YES_ERROR;
				GCC_WARN_UNDECLARED_SELECTOR = YES;
				GCC_WARN_UNINITIALIZED_AUTOS = YES_AGGRESSIVE;
				GCC_WARN_UNUSED_FUNCTION = YES;
				GCC_WARN_UNUSED_VARIABLE = YES;
				IPHONEOS_DEPLOYMENT_TARGET = 11.0;
				MTL_ENABLE_DEBUG_INFO = NO;
				MTL_FAST_MATH = YES;
				SDKROOT = iphoneos;
				SWIFT_COMPILATION_MODE = wholemodule;
				SWIFT_OPTIMIZATION_LEVEL = "-O";
				VALIDATE_PRODUCT = YES;
			};
			name = Release;
		};
		4ED12D2C2871D004008AFEFB /* Debug */ = {
			isa = XCBuildConfiguration;
			buildSettings = {
				API_BASE_URL = "https://raw.githubusercontent.com/fatiha380/mockjson/main/bankdata";
				ASSETCATALOG_COMPILER_APPICON_NAME = AppIcon;
				ASSETCATALOG_COMPILER_GLOBAL_ACCENT_COLOR_NAME = AccentColor;
				CODE_SIGN_STYLE = Automatic;
				CURRENT_PROJECT_VERSION = 1;
				DEVELOPMENT_TEAM = FX48YA4D8H;
				GENERATE_INFOPLIST_FILE = YES;
				INFOPLIST_FILE = "bankApp-MVVM/Resources/Info.plist";
				INFOPLIST_KEY_UIApplicationSupportsIndirectInputEvents = YES;
				INFOPLIST_KEY_UILaunchStoryboardName = LaunchScreen;
				INFOPLIST_KEY_UISupportedInterfaceOrientations = "UIInterfaceOrientationPortrait UIInterfaceOrientationLandscapeRight UIInterfaceOrientationLandscapeLeft";
				INFOPLIST_KEY_UISupportedInterfaceOrientations_iPad = "UIInterfaceOrientationPortrait UIInterfaceOrientationPortraitUpsideDown UIInterfaceOrientationLandscapeLeft UIInterfaceOrientationLandscapeRight";
				INFOPLIST_KEY_UISupportedInterfaceOrientations_iPhone = "UIInterfaceOrientationPortrait UIInterfaceOrientationLandscapeLeft UIInterfaceOrientationLandscapeRight";
				IPHONEOS_DEPLOYMENT_TARGET = 11.0;
				LD_RUNPATH_SEARCH_PATHS = (
					"$(inherited)",
					"@executable_path/Frameworks",
				);
				MARKETING_VERSION = 1.0;
				PRODUCT_BUNDLE_IDENTIFIER = "com.cemsertkaya.bankApp-MVVM";
				PRODUCT_NAME = "$(TARGET_NAME)";
				SWIFT_EMIT_LOC_STRINGS = YES;
				SWIFT_VERSION = 5.0;
				TARGETED_DEVICE_FAMILY = "1,2";
			};
			name = Debug;
		};
		4ED12D2D2871D004008AFEFB /* Release */ = {
			isa = XCBuildConfiguration;
			buildSettings = {
				API_BASE_URL = "https://raw.githubusercontent.com/fatiha380/mockjson/main/bankdata";
				ASSETCATALOG_COMPILER_APPICON_NAME = AppIcon;
				ASSETCATALOG_COMPILER_GLOBAL_ACCENT_COLOR_NAME = AccentColor;
				CODE_SIGN_STYLE = Automatic;
				CURRENT_PROJECT_VERSION = 1;
				DEVELOPMENT_TEAM = FX48YA4D8H;
				GENERATE_INFOPLIST_FILE = YES;
				INFOPLIST_FILE = "bankApp-MVVM/Resources/Info.plist";
				INFOPLIST_KEY_UIApplicationSupportsIndirectInputEvents = YES;
				INFOPLIST_KEY_UILaunchStoryboardName = LaunchScreen;
				INFOPLIST_KEY_UISupportedInterfaceOrientations = "UIInterfaceOrientationPortrait UIInterfaceOrientationLandscapeRight UIInterfaceOrientationLandscapeLeft";
				INFOPLIST_KEY_UISupportedInterfaceOrientations_iPad = "UIInterfaceOrientationPortrait UIInterfaceOrientationPortraitUpsideDown UIInterfaceOrientationLandscapeLeft UIInterfaceOrientationLandscapeRight";
				INFOPLIST_KEY_UISupportedInterfaceOrientations_iPhone = "UIInterfaceOrientationPortrait UIInterfaceOrientationLandscapeLeft UIInterfaceOrientationLandscapeRight";
				IPHONEOS_DEPLOYMENT_TARGET = 11.0;
				LD_RUNPATH_SEARCH_PATHS = (
					"$(inherited)",
					"@executable_path/Frameworks",
				);
				MARKETING_VERSION = 1.0;
				PRODUCT_BUNDLE_IDENTIFIER = "com.cemsertkaya.bankApp-MVVM";
				PRODUCT_NAME = "$(TARGET_NAME)";
				SWIFT_EMIT_LOC_STRINGS = YES;
				SWIFT_VERSION = 5.0;
				TARGETED_DEVICE_FAMILY = "1,2";
			};
			name = Release;
		};
		4ED12D2F2871D004008AFEFB /* Debug */ = {
			isa = XCBuildConfiguration;
			buildSettings = {
				ALWAYS_EMBED_SWIFT_STANDARD_LIBRARIES = YES;
				BUNDLE_LOADER = "$(TEST_HOST)";
				CODE_SIGN_STYLE = Automatic;
				CURRENT_PROJECT_VERSION = 1;
				DEVELOPMENT_TEAM = 9V2RQL28S6;
				GENERATE_INFOPLIST_FILE = YES;
				IPHONEOS_DEPLOYMENT_TARGET = 15.4;
				MARKETING_VERSION = 1.0;
				PRODUCT_BUNDLE_IDENTIFIER = "com.cemsertkaya.bankApp-MVVMTests";
				PRODUCT_NAME = "$(TARGET_NAME)";
				SWIFT_EMIT_LOC_STRINGS = NO;
				SWIFT_VERSION = 5.0;
				TARGETED_DEVICE_FAMILY = "1,2";
				TEST_HOST = "$(BUILT_PRODUCTS_DIR)/bankApp-MVVM.app/bankApp-MVVM";
			};
			name = Debug;
		};
		4ED12D302871D004008AFEFB /* Release */ = {
			isa = XCBuildConfiguration;
			buildSettings = {
				ALWAYS_EMBED_SWIFT_STANDARD_LIBRARIES = YES;
				BUNDLE_LOADER = "$(TEST_HOST)";
				CODE_SIGN_STYLE = Automatic;
				CURRENT_PROJECT_VERSION = 1;
				DEVELOPMENT_TEAM = 9V2RQL28S6;
				GENERATE_INFOPLIST_FILE = YES;
				IPHONEOS_DEPLOYMENT_TARGET = 15.4;
				MARKETING_VERSION = 1.0;
				PRODUCT_BUNDLE_IDENTIFIER = "com.cemsertkaya.bankApp-MVVMTests";
				PRODUCT_NAME = "$(TARGET_NAME)";
				SWIFT_EMIT_LOC_STRINGS = NO;
				SWIFT_VERSION = 5.0;
				TARGETED_DEVICE_FAMILY = "1,2";
				TEST_HOST = "$(BUILT_PRODUCTS_DIR)/bankApp-MVVM.app/bankApp-MVVM";
			};
			name = Release;
		};
		4ED12D322871D004008AFEFB /* Debug */ = {
			isa = XCBuildConfiguration;
			buildSettings = {
				ALWAYS_EMBED_SWIFT_STANDARD_LIBRARIES = YES;
				CODE_SIGN_STYLE = Automatic;
				CURRENT_PROJECT_VERSION = 1;
				DEVELOPMENT_TEAM = 9V2RQL28S6;
				GENERATE_INFOPLIST_FILE = YES;
				MARKETING_VERSION = 1.0;
				PRODUCT_BUNDLE_IDENTIFIER = "com.cemsertkaya.bankApp-MVVMUITests";
				PRODUCT_NAME = "$(TARGET_NAME)";
				SWIFT_EMIT_LOC_STRINGS = NO;
				SWIFT_VERSION = 5.0;
				TARGETED_DEVICE_FAMILY = "1,2";
				TEST_TARGET_NAME = "bankApp-MVVM";
			};
			name = Debug;
		};
		4ED12D332871D004008AFEFB /* Release */ = {
			isa = XCBuildConfiguration;
			buildSettings = {
				ALWAYS_EMBED_SWIFT_STANDARD_LIBRARIES = YES;
				CODE_SIGN_STYLE = Automatic;
				CURRENT_PROJECT_VERSION = 1;
				DEVELOPMENT_TEAM = 9V2RQL28S6;
				GENERATE_INFOPLIST_FILE = YES;
				MARKETING_VERSION = 1.0;
				PRODUCT_BUNDLE_IDENTIFIER = "com.cemsertkaya.bankApp-MVVMUITests";
				PRODUCT_NAME = "$(TARGET_NAME)";
				SWIFT_EMIT_LOC_STRINGS = NO;
				SWIFT_VERSION = 5.0;
				TARGETED_DEVICE_FAMILY = "1,2";
				TEST_TARGET_NAME = "bankApp-MVVM";
			};
			name = Release;
		};
/* End XCBuildConfiguration section */

/* Begin XCConfigurationList section */
		4ED12CFC2871D000008AFEFB /* Build configuration list for PBXProject "bankApp-MVVM" */ = {
			isa = XCConfigurationList;
			buildConfigurations = (
				4ED12D292871D004008AFEFB /* Debug */,
				4ED12D2A2871D004008AFEFB /* Release */,
			);
			defaultConfigurationIsVisible = 0;
			defaultConfigurationName = Release;
		};
		4ED12D2B2871D004008AFEFB /* Build configuration list for PBXNativeTarget "bankApp-MVVM" */ = {
			isa = XCConfigurationList;
			buildConfigurations = (
				4ED12D2C2871D004008AFEFB /* Debug */,
				4ED12D2D2871D004008AFEFB /* Release */,
			);
			defaultConfigurationIsVisible = 0;
			defaultConfigurationName = Release;
		};
		4ED12D2E2871D004008AFEFB /* Build configuration list for PBXNativeTarget "bankApp-MVVMTests" */ = {
			isa = XCConfigurationList;
			buildConfigurations = (
				4ED12D2F2871D004008AFEFB /* Debug */,
				4ED12D302871D004008AFEFB /* Release */,
			);
			defaultConfigurationIsVisible = 0;
			defaultConfigurationName = Release;
		};
		4ED12D312871D004008AFEFB /* Build configuration list for PBXNativeTarget "bankApp-MVVMUITests" */ = {
			isa = XCConfigurationList;
			buildConfigurations = (
				4ED12D322871D004008AFEFB /* Debug */,
				4ED12D332871D004008AFEFB /* Release */,
			);
			defaultConfigurationIsVisible = 0;
			defaultConfigurationName = Release;
		};
/* End XCConfigurationList section */
	};
	rootObject = 4ED12CF92871D000008AFEFB /* Project object */;
}
